// !$*UTF8*$!
{
	archiveVersion = 1;
	classes = {
	};
	objectVersion = 48;
	objects = {

/* Begin PBXBuildFile section */
		74FED65320DB494E003C72C9 /* AppDelegate.swift in Sources */ = {isa = PBXBuildFile; fileRef = 74FED65220DB494E003C72C9 /* AppDelegate.swift */; };
		74FED65820DB494E003C72C9 /* Main.storyboard in Resources */ = {isa = PBXBuildFile; fileRef = 74FED65620DB494E003C72C9 /* Main.storyboard */; };
		74FED65A20DB494E003C72C9 /* Assets.xcassets in Resources */ = {isa = PBXBuildFile; fileRef = 74FED65920DB494E003C72C9 /* Assets.xcassets */; };
		74FED65D20DB494E003C72C9 /* LaunchScreen.storyboard in Resources */ = {isa = PBXBuildFile; fileRef = 74FED65B20DB494E003C72C9 /* LaunchScreen.storyboard */; };
		74FED66620DB49C5003C72C9 /* MapKit.framework in Frameworks */ = {isa = PBXBuildFile; fileRef = 74FED66520DB49C5003C72C9 /* MapKit.framework */; };
		74FED66820DB4A1B003C72C9 /* MyTableViewController.swift in Sources */ = {isa = PBXBuildFile; fileRef = 74FED66720DB4A1B003C72C9 /* MyTableViewController.swift */; };
		74FED66A20DB4A38003C72C9 /* MyTableViewCell.swift in Sources */ = {isa = PBXBuildFile; fileRef = 74FED66920DB4A38003C72C9 /* MyTableViewCell.swift */; };
		74FED66C20DB4D60003C72C9 /* MapViewController.swift in Sources */ = {isa = PBXBuildFile; fileRef = 74FED66B20DB4D60003C72C9 /* MapViewController.swift */; };
		74FED66E20DB5175003C72C9 /* TotalViewController.swift in Sources */ = {isa = PBXBuildFile; fileRef = 74FED66D20DB5175003C72C9 /* TotalViewController.swift */; };
/* End PBXBuildFile section */

/* Begin PBXFileReference section */
		74FED64F20DB494E003C72C9 /* tableview33.app */ = {isa = PBXFileReference; explicitFileType = wrapper.application; includeInIndex = 0; path = tableview33.app; sourceTree = BUILT_PRODUCTS_DIR; };
		74FED65220DB494E003C72C9 /* AppDelegate.swift */ = {isa = PBXFileReference; lastKnownFileType = sourcecode.swift; path = AppDelegate.swift; sourceTree = "<group>"; };
		74FED65720DB494E003C72C9 /* Base */ = {isa = PBXFileReference; lastKnownFileType = file.storyboard; name = Base; path = Base.lproj/Main.storyboard; sourceTree = "<group>"; };
		74FED65920DB494E003C72C9 /* Assets.xcassets */ = {isa = PBXFileReference; lastKnownFileType = folder.assetcatalog; path = Assets.xcassets; sourceTree = "<group>"; };
		74FED65C20DB494E003C72C9 /* Base */ = {isa = PBXFileReference; lastKnownFileType = file.storyboard; name = Base; path = Base.lproj/LaunchScreen.storyboard; sourceTree = "<group>"; };
		74FED65E20DB494E003C72C9 /* Info.plist */ = {isa = PBXFileReference; lastKnownFileType = text.plist.xml; path = Info.plist; sourceTree = "<group>"; };
		74FED66520DB49C5003C72C9 /* MapKit.framework */ = {isa = PBXFileReference; lastKnownFileType = wrapper.framework; name = MapKit.framework; path = System/Library/Frameworks/MapKit.framework; sourceTree = SDKROOT; };
		74FED66720DB4A1B003C72C9 /* MyTableViewController.swift */ = {isa = PBXFileReference; lastKnownFileType = sourcecode.swift; path = MyTableViewController.swift; sourceTree = "<group>"; };
		74FED66920DB4A38003C72C9 /* MyTableViewCell.swift */ = {isa = PBXFileReference; lastKnownFileType = sourcecode.swift; path = MyTableViewCell.swift; sourceTree = "<group>"; };
		74FED66B20DB4D60003C72C9 /* MapViewController.swift */ = {isa = PBXFileReference; lastKnownFileType = sourcecode.swift; path = MapViewController.swift; sourceTree = "<group>"; };
		74FED66D20DB5175003C72C9 /* TotalViewController.swift */ = {isa = PBXFileReference; lastKnownFileType = sourcecode.swift; path = TotalViewController.swift; sourceTree = "<group>"; };
/* End PBXFileReference section */

/* Begin PBXFrameworksBuildPhase section */
		74FED64C20DB494E003C72C9 /* Frameworks */ = {
			isa = PBXFrameworksBuildPhase;
			buildActionMask = 2147483647;
			files = (
				74FED66620DB49C5003C72C9 /* MapKit.framework in Frameworks */,
			);
			runOnlyForDeploymentPostprocessing = 0;
		};
/* End PBXFrameworksBuildPhase section */

/* Begin PBXGroup section */
		74FED64620DB494E003C72C9 = {
			isa = PBXGroup;
			children = (
				74FED65120DB494E003C72C9 /* tableview33 */,
				74FED65020DB494E003C72C9 /* Products */,
				74FED66420DB49C4003C72C9 /* Frameworks */,
			);
			sourceTree = "<group>";
		};
		74FED65020DB494E003C72C9 /* Products */ = {
			isa = PBXGroup;
			children = (
				74FED64F20DB494E003C72C9 /* tableview33.app */,
			);
			name = Products;
			sourceTree = "<group>";
		};
		74FED65120DB494E003C72C9 /* tableview33 */ = {
			isa = PBXGroup;
			children = (
				74FED65220DB494E003C72C9 /* AppDelegate.swift */,
				74FED66720DB4A1B003C72C9 /* MyTableViewController.swift */,
				74FED65620DB494E003C72C9 /* Main.storyboard */,
				74FED65920DB494E003C72C9 /* Assets.xcassets */,
				74FED65B20DB494E003C72C9 /* LaunchScreen.storyboard */,
				74FED65E20DB494E003C72C9 /* Info.plist */,
				74FED66920DB4A38003C72C9 /* MyTableViewCell.swift */,
				74FED66B20DB4D60003C72C9 /* MapViewController.swift */,
				74FED66D20DB5175003C72C9 /* TotalViewController.swift */,
			);
			path = tableview33;
			sourceTree = "<group>";
		};
		74FED66420DB49C4003C72C9 /* Frameworks */ = {
			isa = PBXGroup;
			children = (
				74FED66520DB49C5003C72C9 /* MapKit.framework */,
			);
			name = Frameworks;
			sourceTree = "<group>";
		};
/* End PBXGroup section */

/* Begin PBXNativeTarget section */
		74FED64E20DB494E003C72C9 /* tableview33 */ = {
			isa = PBXNativeTarget;
			buildConfigurationList = 74FED66120DB494E003C72C9 /* Build configuration list for PBXNativeTarget "tableview33" */;
			buildPhases = (
				74FED64B20DB494E003C72C9 /* Sources */,
				74FED64C20DB494E003C72C9 /* Frameworks */,
				74FED64D20DB494E003C72C9 /* Resources */,
			);
			buildRules = (
			);
			dependencies = (
			);
			name = tableview33;
			productName = tableview33;
			productReference = 74FED64F20DB494E003C72C9 /* tableview33.app */;
			productType = "com.apple.product-type.application";
		};
/* End PBXNativeTarget section */

/* Begin PBXProject section */
		74FED64720DB494E003C72C9 /* Project object */ = {
			isa = PBXProject;
			attributes = {
				LastSwiftUpdateCheck = 0920;
				LastUpgradeCheck = 0920;
				ORGANIZATIONNAME = jik;
				TargetAttributes = {
					74FED64E20DB494E003C72C9 = {
						CreatedOnToolsVersion = 9.2;
						ProvisioningStyle = Automatic;
					};
				};
			};
			buildConfigurationList = 74FED64A20DB494E003C72C9 /* Build configuration list for PBXProject "tableview33" */;
			compatibilityVersion = "Xcode 8.0";
			developmentRegion = en;
			hasScannedForEncodings = 0;
			knownRegions = (
				en,
				Base,
			);
			mainGroup = 74FED64620DB494E003C72C9;
			productRefGroup = 74FED65020DB494E003C72C9 /* Products */;
			projectDirPath = "";
			projectRoot = "";
			targets = (
				74FED64E20DB494E003C72C9 /* tableview33 */,
			);
		};
/* End PBXProject section */

/* Begin PBXResourcesBuildPhase section */
		74FED64D20DB494E003C72C9 /* Resources */ = {
			isa = PBXResourcesBuildPhase;
			buildActionMask = 2147483647;
			files = (
				74FED65D20DB494E003C72C9 /* LaunchScreen.storyboard in Resources */,
				74FED65A20DB494E003C72C9 /* Assets.xcassets in Resources */,
				74FED65820DB494E003C72C9 /* Main.storyboard in Resources */,
			);
			runOnlyForDeploymentPostprocessing = 0;
		};
/* End PBXResourcesBuildPhase section */

/* Begin PBXSourcesBuildPhase section */
		74FED64B20DB494E003C72C9 /* Sources */ = {
			isa = PBXSourcesBuildPhase;
			buildActionMask = 2147483647;
			files = (
				74FED65320DB494E003C72C9 /* AppDelegate.swift in Sources */,
				74FED66820DB4A1B003C72C9 /* MyTableViewController.swift in Sources */,
				74FED66A20DB4A38003C72C9 /* MyTableViewCell.swift in Sources */,
				74FED66E20DB5175003C72C9 /* TotalViewController.swift in Sources */,
				74FED66C20DB4D60003C72C9 /* MapViewController.swift in Sources */,
			);
			runOnlyForDeploymentPostprocessing = 0;
		};
/* End PBXSourcesBuildPhase section */

/* Begin PBXVariantGroup section */
		74FED65620DB494E003C72C9 /* Main.storyboard */ = {
			isa = PBXVariantGroup;
			children = (
				74FED65720DB494E003C72C9 /* Base */,
			);
			name = Main.storyboard;
			sourceTree = "<group>";
		};
		74FED65B20DB494E003C72C9 /* LaunchScreen.storyboard */ = {
			isa = PBXVariantGroup;
			children = (
				74FED65C20DB494E003C72C9 /* Base */,
			);
			name = LaunchScreen.storyboard;
			sourceTree = "<group>";
		};
/* End PBXVariantGroup section */

/* Begin XCBuildConfiguration section */
		74FED65F20DB494E003C72C9 /* Debug */ = {
			isa = XCBuildConfiguration;
			buildSettings = {
				ALWAYS_SEARCH_USER_PATHS = NO;
				CLANG_ANALYZER_NONNULL = YES;
				CLANG_ANALYZER_NUMBER_OBJECT_CONVERSION = YES_AGGRESSIVE;
				CLANG_CXX_LANGUAGE_STANDARD = "gnu++14";
				CLANG_CXX_LIBRARY = "libc++";
				CLANG_ENABLE_MODULES = YES;
				CLANG_ENABLE_OBJC_ARC = YES;
				CLANG_WARN_BLOCK_CAPTURE_AUTORELEASING = YES;
				CLANG_WARN_BOOL_CONVERSION = YES;
				CLANG_WARN_COMMA = YES;
				CLANG_WARN_CONSTANT_CONVERSION = YES;
				CLANG_WARN_DIRECT_OBJC_ISA_USAGE = YES_ERROR;
				CLANG_WARN_DOCUMENTATION_COMMENTS = YES;
				CLANG_WARN_EMPTY_BODY = YES;
				CLANG_WARN_ENUM_CONVERSION = YES;
				CLANG_WARN_INFINITE_RECURSION = YES;
				CLANG_WARN_INT_CONVERSION = YES;
				CLANG_WARN_NON_LITERAL_NULL_CONVERSION = YES;
				CLANG_WARN_OBJC_LITERAL_CONVERSION = YES;
				CLANG_WARN_OBJC_ROOT_CLASS = YES_ERROR;
				CLANG_WARN_RANGE_LOOP_ANALYSIS = YES;
				CLANG_WARN_STRICT_PROTOTYPES = YES;
				CLANG_WARN_SUSPICIOUS_MOVE = YES;
				CLANG_WARN_UNGUARDED_AVAILABILITY = YES_AGGRESSIVE;
				CLANG_WARN_UNREACHABLE_CODE = YES;
				CLANG_WARN__DUPLICATE_METHOD_MATCH = YES;
				CODE_SIGN_IDENTITY = "iPhone Developer";
				COPY_PHASE_STRIP = NO;
				DEBUG_INFORMATION_FORMAT = dwarf;
				ENABLE_STRICT_OBJC_MSGSEND = YES;
				ENABLE_TESTABILITY = YES;
				GCC_C_LANGUAGE_STANDARD = gnu11;
				GCC_DYNAMIC_NO_PIC = NO;
				GCC_NO_COMMON_BLOCKS = YES;
				GCC_OPTIMIZATION_LEVEL = 0;
				GCC_PREPROCESSOR_DEFINITIONS = (
					"DEBUG=1",
					"$(inherited)",
				);
				GCC_WARN_64_TO_32_BIT_CONVERSION = YES;
				GCC_WARN_ABOUT_RETURN_TYPE = YES_ERROR;
				GCC_WARN_UNDECLARED_SELECTOR = YES;
				GCC_WARN_UNINITIALIZED_AUTOS = YES_AGGRESSIVE;
				GCC_WARN_UNUSED_FUNCTION = YES;
				GCC_WARN_UNUSED_VARIABLE = YES;
				IPHONEOS_DEPLOYMENT_TARGET = 11.2;
				MTL_ENABLE_DEBUG_INFO = YES;
				ONLY_ACTIVE_ARCH = YES;
				SDKROOT = iphoneos;
				SWIFT_ACTIVE_COMPILATION_CONDITIONS = DEBUG;
				SWIFT_OPTIMIZATION_LEVEL = "-Onone";
			};
			name = Debug;
		};
		74FED66020DB494E003C72C9 /* Release */ = {
			isa = XCBuildConfiguration;
			buildSettings = {
				ALWAYS_SEARCH_USER_PATHS = NO;
				CLANG_ANALYZER_NONNULL = YES;
				CLANG_ANALYZER_NUMBER_OBJECT_CONVERSION = YES_AGGRESSIVE;
				CLANG_CXX_LANGUAGE_STANDARD = "gnu++14";
				CLANG_CXX_LIBRARY = "libc++";
				CLANG_ENABLE_MODULES = YES;
				CLANG_ENABLE_OBJC_ARC = YES;
				CLANG_WARN_BLOCK_CAPTURE_AUTORELEASING = YES;
				CLANG_WARN_BOOL_CONVERSION = YES;
				CLANG_WARN_COMMA = YES;
				CLANG_WARN_CONSTANT_CONVERSION = YES;
				CLANG_WARN_DIRECT_OBJC_ISA_USAGE = YES_ERROR;
				CLANG_WARN_DOCUMENTATION_COMMENTS = YES;
				CLANG_WARN_EMPTY_BODY = YES;
				CLANG_WARN_ENUM_CONVERSION = YES;
				CLANG_WARN_INFINITE_RECURSION = YES;
				CLANG_WARN_INT_CONVERSION = YES;
				CLANG_WARN_NON_LITERAL_NULL_CONVERSION = YES;
				CLANG_WARN_OBJC_LITERAL_CONVERSION = YES;
				CLANG_WARN_OBJC_ROOT_CLASS = YES_ERROR;
				CLANG_WARN_RANGE_LOOP_ANALYSIS = YES;
				CLANG_WARN_STRICT_PROTOTYPES = YES;
				CLANG_WARN_SUSPICIOUS_MOVE = YES;
				CLANG_WARN_UNGUARDED_AVAILABILITY = YES_AGGRESSIVE;
				CLANG_WARN_UNREACHABLE_CODE = YES;
				CLANG_WARN__DUPLICATE_METHOD_MATCH = YES;
				CODE_SIGN_IDENTITY = "iPhone Developer";
				COPY_PHASE_STRIP = NO;
				DEBUG_INFORMATION_FORMAT = "dwarf-with-dsym";
				ENABLE_NS_ASSERTIONS = NO;
				ENABLE_STRICT_OBJC_MSGSEND = YES;
				GCC_C_LANGUAGE_STANDARD = gnu11;
				GCC_NO_COMMON_BLOCKS = YES;
				GCC_WARN_64_TO_32_BIT_CONVERSION = YES;
				GCC_WARN_ABOUT_RETURN_TYPE = YES_ERROR;
				GCC_WARN_UNDECLARED_SELECTOR = YES;
				GCC_WARN_UNINITIALIZED_AUTOS = YES_AGGRESSIVE;
				GCC_WARN_UNUSED_FUNCTION = YES;
				GCC_WARN_UNUSED_VARIABLE = YES;
				IPHONEOS_DEPLOYMENT_TARGET = 11.2;
				MTL_ENABLE_DEBUG_INFO = NO;
				SDKROOT = iphoneos;
				SWIFT_OPTIMIZATION_LEVEL = "-Owholemodule";
				VALIDATE_PRODUCT = YES;
			};
			name = Release;
		};
		74FED66220DB494E003C72C9 /* Debug */ = {
			isa = XCBuildConfiguration;
			buildSettings = {
				ASSETCATALOG_COMPILER_APPICON_NAME = AppIcon;
				CODE_SIGN_STYLE = Automatic;
				INFOPLIST_FILE = tableview33/Info.plist;
				LD_RUNPATH_SEARCH_PATHS = "$(inherited) @executable_path/Frameworks";
				PRODUCT_BUNDLE_IDENTIFIER = lyw.ac.kr.tableview33;
				PRODUCT_NAME = "$(TARGET_NAME)";
				SWIFT_VERSION = 4.0;
				TARGETED_DEVICE_FAMILY = "1,2";
			};
			name = Debug;
		};
		74FED66320DB494E003C72C9 /* Release */ = {
			isa = XCBuildConfiguration;
			buildSettings = {
				ASSETCATALOG_COMPILER_APPICON_NAME = AppIcon;
				CODE_SIGN_STYLE = Automatic;
				INFOPLIST_FILE = tableview33/Info.plist;
				LD_RUNPATH_SEARCH_PATHS = "$(inherited) @executable_path/Frameworks";
				PRODUCT_BUNDLE_IDENTIFIER = lyw.ac.kr.tableview33;
				PRODUCT_NAME = "$(TARGET_NAME)";
				SWIFT_VERSION = 4.0;
				TARGETED_DEVICE_FAMILY = "1,2";
			};
			name = Release;
		};
/* End XCBuildConfiguration section */

/* Begin XCConfigurationList section */
		74FED64A20DB494E003C72C9 /* Build configuration list for PBXProject "tableview33" */ = {
			isa = XCConfigurationList;
			buildConfigurations = (
				74FED65F20DB494E003C72C9 /* Debug */,
				74FED66020DB494E003C72C9 /* Release */,
			);
			defaultConfigurationIsVisible = 0;
			defaultConfigurationName = Release;
		};
		74FED66120DB494E003C72C9 /* Build configuration list for PBXNativeTarget "tableview33" */ = {
			isa = XCConfigurationList;
			buildConfigurations = (
				74FED66220DB494E003C72C9 /* Debug */,
				74FED66320DB494E003C72C9 /* Release */,
			);
			defaultConfigurationIsVisible = 0;
			defaultConfigurationName = Release;
		};
/* End XCConfigurationList section */
	};
	rootObject = 74FED64720DB494E003C72C9 /* Project object */;
}
